
Microsoft Visual Studio Solution File, Format Version 12.00
# Visual Studio Version 16
VisualStudioVersion = 16.0.31605.320
MinimumVisualStudioVersion = 10.0.40219.1
Project("{9A19103F-16F7-4668-BE54-9A1E7A4F7556}") = "WebAppAssignmentMVC_Data_1_3", "WebAppAssignmentMVC Data 1_3\WebAppAssignmentMVC_Data_1_3.csproj", "{C2F4FCE1-5657-444A-BBBB-FD5FBEE7BB76}"
EndProject
Global
	GlobalSection(SolutionConfigurationPlatforms) = preSolution
		Debug|Any CPU = Debug|Any CPU
		Debug|x64 = Debug|x64
		Release|Any CPU = Release|Any CPU
		Release|x64 = Release|x64
	EndGlobalSection
	GlobalSection(ProjectConfigurationPlatforms) = postSolution
		{C2F4FCE1-5657-444A-BBBB-FD5FBEE7BB76}.Debug|Any CPU.ActiveCfg = Debug|x64
		{C2F4FCE1-5657-444A-BBBB-FD5FBEE7BB76}.Debug|Any CPU.Build.0 = Debug|x64
		{C2F4FCE1-5657-444A-BBBB-FD5FBEE7BB76}.Debug|x64.ActiveCfg = Debug|x64
		{C2F4FCE1-5657-444A-BBBB-FD5FBEE7BB76}.Debug|x64.Build.0 = Debug|x64
		{C2F4FCE1-5657-444A-BBBB-FD5FBEE7BB76}.Release|Any CPU.ActiveCfg = Release|x64
		{C2F4FCE1-5657-444A-BBBB-FD5FBEE7BB76}.Release|Any CPU.Build.0 = Release|x64
		{C2F4FCE1-5657-444A-BBBB-FD5FBEE7BB76}.Release|x64.ActiveCfg = Release|x64
		{C2F4FCE1-5657-444A-BBBB-FD5FBEE7BB76}.Release|x64.Build.0 = Release|x64
	EndGlobalSection
	GlobalSection(SolutionProperties) = preSolution
		HideSolutionNode = FALSE
	EndGlobalSection
	GlobalSection(ExtensibilityGlobals) = postSolution
		SolutionGuid = {4213CEED-F133-47E9-8A84-0BDF3C1ED72F}
	EndGlobalSection
EndGlobal
